// !$*UTF8*$!
{
	archiveVersion = 1;
	classes = {
	};
	objectVersion = 56;
	objects = {

/* Begin PBXBuildFile section */
		1000000000000001 /* MissionControlWatchApp.swift in Sources */ = {isa = PBXBuildFile; fileRef = 2000000000000001 /* MissionControlWatchApp.swift */; };
		1000000000000002 /* ContentView.swift in Sources */ = {isa = PBXBuildFile; fileRef = 2000000000000002 /* ContentView.swift */; };
		1000000000000003 /* StatusGlanceView.swift in Sources */ = {isa = PBXBuildFile; fileRef = 2000000000000003 /* StatusGlanceView.swift */; };
		1000000000000004 /* QuickChatView.swift in Sources */ = {isa = PBXBuildFile; fileRef = 2000000000000004 /* QuickChatView.swift */; };
		1000000000000005 /* WatchSystemStatus.swift in Sources */ = {isa = PBXBuildFile; fileRef = 2000000000000005 /* WatchSystemStatus.swift */; };
		1000000000000006 /* WatchConnectivityService.swift in Sources */ = {isa = PBXBuildFile; fileRef = 2000000000000006 /* WatchConnectivityService.swift */; };
		1000000000000007 /* ComplicationViews.swift in Sources */ = {isa = PBXBuildFile; fileRef = 2000000000000007 /* ComplicationViews.swift */; };
		1000000000000008 /* StatusComplication.swift in Sources */ = {isa = PBXBuildFile; fileRef = 2000000000000008 /* StatusComplication.swift */; };
		1000000000000009 /* Assets.xcassets in Resources */ = {isa = PBXBuildFile; fileRef = 2000000000000009 /* Assets.xcassets */; };
		100000000000000A /* MissionControlModels in Frameworks */ = {isa = PBXBuildFile; productRef = A000000000000001 /* MissionControlModels */; };
/* End PBXBuildFile section */

/* Begin PBXFileReference section */
		2000000000000001 /* MissionControlWatchApp.swift */ = {isa = PBXFileReference; lastKnownFileType = sourcecode.swift; path = MissionControlWatchApp.swift; sourceTree = "<group>"; };
		2000000000000002 /* ContentView.swift */ = {isa = PBXFileReference; lastKnownFileType = sourcecode.swift; path = ContentView.swift; sourceTree = "<group>"; };
		2000000000000003 /* StatusGlanceView.swift */ = {isa = PBXFileReference; lastKnownFileType = sourcecode.swift; path = StatusGlanceView.swift; sourceTree = "<group>"; };
		2000000000000004 /* QuickChatView.swift */ = {isa = PBXFileReference; lastKnownFileType = sourcecode.swift; path = QuickChatView.swift; sourceTree = "<group>"; };
		2000000000000005 /* WatchSystemStatus.swift */ = {isa = PBXFileReference; lastKnownFileType = sourcecode.swift; path = WatchSystemStatus.swift; sourceTree = "<group>"; };
		2000000000000006 /* WatchConnectivityService.swift */ = {isa = PBXFileReference; lastKnownFileType = sourcecode.swift; path = WatchConnectivityService.swift; sourceTree = "<group>"; };
		2000000000000007 /* ComplicationViews.swift */ = {isa = PBXFileReference; lastKnownFileType = sourcecode.swift; path = ComplicationViews.swift; sourceTree = "<group>"; };
		2000000000000008 /* StatusComplication.swift */ = {isa = PBXFileReference; lastKnownFileType = sourcecode.swift; path = StatusComplication.swift; sourceTree = "<group>"; };
		2000000000000009 /* Assets.xcassets */ = {isa = PBXFileReference; lastKnownFileType = folder.assetcatalog; path = Assets.xcassets; sourceTree = "<group>"; };
		200000000000000A /* Info.plist */ = {isa = PBXFileReference; lastKnownFileType = text.plist.xml; path = Info.plist; sourceTree = "<group>"; };
		200000000000000B /* MissionControlWatch.entitlements */ = {isa = PBXFileReference; lastKnownFileType = text.plist.entitlements; path = MissionControlWatch.entitlements; sourceTree = "<group>"; };
		3000000000000001 /* MissionControlWatch.app */ = {isa = PBXFileReference; explicitFileType = wrapper.application; includeInIndex = 0; path = MissionControlWatch.app; sourceTree = BUILT_PRODUCTS_DIR; };
/* End PBXFileReference section */

/* Begin PBXFrameworksBuildPhase section */
		4000000000000001 /* Frameworks */ = {
			isa = PBXFrameworksBuildPhase;
			buildActionMask = 2147483647;
			files = (
				100000000000000A /* MissionControlModels in Frameworks */,
			);
			runOnlyForDeploymentPostprocessing = 0;
		};
/* End PBXFrameworksBuildPhase section */

/* Begin PBXGroup section */
		5000000000000001 = {
			isa = PBXGroup;
			children = (
				5000000000000002 /* MissionControlWatch */,
				5000000000000003 /* Products */,
				5000000000000007 /* Packages */,
			);
			sourceTree = "<group>";
		};
		5000000000000002 /* MissionControlWatch */ = {
			isa = PBXGroup;
			children = (
				2000000000000001 /* MissionControlWatchApp.swift */,
				2000000000000002 /* ContentView.swift */,
				2000000000000003 /* StatusGlanceView.swift */,
				2000000000000004 /* QuickChatView.swift */,
				5000000000000004 /* Models */,
				5000000000000005 /* Services */,
				5000000000000006 /* Complications */,
				2000000000000009 /* Assets.xcassets */,
				200000000000000A /* Info.plist */,
				200000000000000B /* MissionControlWatch.entitlements */,
			);
			path = MissionControlWatch;
			sourceTree = "<group>";
		};
		5000000000000003 /* Products */ = {
			isa = PBXGroup;
			children = (
				3000000000000001 /* MissionControlWatch.app */,
			);
			name = Products;
			sourceTree = "<group>";
		};
		5000000000000004 /* Models */ = {
			isa = PBXGroup;
			children = (
				2000000000000005 /* WatchSystemStatus.swift */,
			);
			path = Models;
			sourceTree = "<group>";
		};
		5000000000000007 /* Packages */ = {
			isa = PBXGroup;
			children = (
			);
			name = Packages;
			sourceTree = "<group>";
		};
		5000000000000005 /* Services */ = {
			isa = PBXGroup;
			children = (
				2000000000000006 /* WatchConnectivityService.swift */,
			);
			path = Services;
			sourceTree = "<group>";
		};
		5000000000000006 /* Complications */ = {
			isa = PBXGroup;
			children = (
				2000000000000007 /* ComplicationViews.swift */,
				2000000000000008 /* StatusComplication.swift */,
			);
			path = Complications;
			sourceTree = "<group>";
		};
/* End PBXGroup section */

/* Begin PBXNativeTarget section */
		6000000000000001 /* MissionControlWatch */ = {
			isa = PBXNativeTarget;
			buildConfigurationList = 7000000000000003 /* Build configuration list for PBXNativeTarget "MissionControlWatch" */;
			buildPhases = (
				6000000000000002 /* Sources */,
				4000000000000001 /* Frameworks */,
				6000000000000003 /* Resources */,
			);
			buildRules = (
			);
			dependencies = (
			);
			name = MissionControlWatch;
			packageProductDependencies = (
				A000000000000001 /* MissionControlModels */,
			);
			productName = MissionControlWatch;
			productReference = 3000000000000001 /* MissionControlWatch.app */;
			productType = "com.apple.product-type.application";
		};
/* End PBXNativeTarget section */

/* Begin PBXProject section */
		8000000000000001 /* Project object */ = {
			isa = PBXProject;
			attributes = {
				BuildIndependentTargetsInParallel = 1;
				LastSwiftUpdateCheck = 1500;
				LastUpgradeCheck = 1500;
				TargetAttributes = {
					6000000000000001 = {
						CreatedOnToolsVersion = 15.0;
					};
				};
			};
			buildConfigurationList = 7000000000000001 /* Build configuration list for PBXProject "MissionControlWatch" */;
			compatibilityVersion = "Xcode 14.0";
			developmentRegion = en;
			hasScannedForEncodings = 0;
			knownRegions = (
				en,
				Base,
			);
			mainGroup = 5000000000000001;
			packageReferences = (
				B000000000000001 /* XCLocalSwiftPackageReference "MissionControlModels" */,
			);
			productRefGroup = 5000000000000003 /* Products */;
			projectDirPath = "";
			projectRoot = "";
			targets = (
				6000000000000001 /* MissionControlWatch */,
			);
		};
/* End PBXProject section */

/* Begin PBXResourcesBuildPhase section */
		6000000000000003 /* Resources */ = {
			isa = PBXResourcesBuildPhase;
			buildActionMask = 2147483647;
			files = (
				1000000000000009 /* Assets.xcassets in Resources */,
			);
			runOnlyForDeploymentPostprocessing = 0;
		};
/* End PBXResourcesBuildPhase section */

/* Begin PBXSourcesBuildPhase section */
		6000000000000002 /* Sources */ = {
			isa = PBXSourcesBuildPhase;
			buildActionMask = 2147483647;
			files = (
				1000000000000001 /* MissionControlWatchApp.swift in Sources */,
				1000000000000002 /* ContentView.swift in Sources */,
				1000000000000003 /* StatusGlanceView.swift in Sources */,
				1000000000000004 /* QuickChatView.swift in Sources */,
				1000000000000005 /* WatchSystemStatus.swift in Sources */,
				1000000000000006 /* WatchConnectivityService.swift in Sources */,
				1000000000000007 /* ComplicationViews.swift in Sources */,
				1000000000000008 /* StatusComplication.swift in Sources */,
			);
			runOnlyForDeploymentPostprocessing = 0;
		};
/* End PBXSourcesBuildPhase section */

/* Begin XCBuildConfiguration section */
		9000000000000001 /* Debug */ = {
			isa = XCBuildConfiguration;
			buildSettings = {
				ALWAYS_SEARCH_USER_PATHS = NO;
				ASSETCATALOG_COMPILER_GENERATE_SWIFT_ASSET_SYMBOL_EXTENSIONS = YES;
				CLANG_ANALYZER_NONNULL = YES;
				CLANG_ANALYZER_NUMBER_OBJECT_CONVERSION = YES_AGGRESSIVE;
				CLANG_CXX_LANGUAGE_STANDARD = "gnu++20";
				CLANG_ENABLE_MODULES = YES;
				CLANG_ENABLE_OBJC_ARC = YES;
				CLANG_ENABLE_OBJC_WEAK = YES;
				CLANG_WARN_BLOCK_CAPTURE_AUTORELEASING = YES;
				CLANG_WARN_BOOL_CONVERSION = YES;
				CLANG_WARN_COMMA = YES;
				CLANG_WARN_CONSTANT_CONVERSION = YES;
				CLANG_WARN_DEPRECATED_OBJC_IMPLEMENTATIONS = YES;
				CLANG_WARN_DIRECT_OBJC_ISA_USAGE = YES_ERROR;
				CLANG_WARN_DOCUMENTATION_COMMENTS = YES;
				CLANG_WARN_EMPTY_BODY = YES;
				CLANG_WARN_ENUM_CONVERSION = YES;
				CLANG_WARN_INFINITE_RECURSION = YES;
				CLANG_WARN_INT_CONVERSION = YES;
				CLANG_WARN_NON_LITERAL_NULL_CONVERSION = YES;
				CLANG_WARN_OBJC_IMPLICIT_RETAIN_SELF = YES;
				CLANG_WARN_OBJC_LITERAL_CONVERSION = YES;
				CLANG_WARN_OBJC_ROOT_CLASS = YES_ERROR;
				CLANG_WARN_QUOTED_INCLUDE_IN_FRAMEWORK_HEADER = YES;
				CLANG_WARN_RANGE_LOOP_ANALYSIS = YES;
				CLANG_WARN_STRICT_PROTOTYPES = YES;
				CLANG_WARN_SUSPICIOUS_MOVE = YES;
				CLANG_WARN_UNGUARDED_AVAILABILITY = YES_AGGRESSIVE;
				CLANG_WARN_UNREACHABLE_CODE = YES;
				CLANG_WARN__DUPLICATE_METHOD_MATCH = YES;
				COPY_PHASE_STRIP = NO;
				DEBUG_INFORMATION_FORMAT = dwarf;
				ENABLE_STRICT_OBJC_MSGSEND = YES;
				ENABLE_TESTABILITY = YES;
				ENABLE_USER_SCRIPT_SANDBOXING = YES;
				GCC_C_LANGUAGE_STANDARD = gnu17;
				GCC_DYNAMIC_NO_PIC = NO;
				GCC_NO_COMMON_BLOCKS = YES;
				GCC_OPTIMIZATION_LEVEL = 0;
				GCC_PREPROCESSOR_DEFINITIONS = (
					"DEBUG=1",
					"$(inherited)",
				);
				GCC_WARN_64_TO_32_BIT_CONVERSION = YES;
				GCC_WARN_ABOUT_RETURN_TYPE = YES_ERROR;
				GCC_WARN_UNDECLARED_SELECTOR = YES;
				GCC_WARN_UNINITIALIZED_AUTOS = YES_AGGRESSIVE;
				GCC_WARN_UNUSED_FUNCTION = YES;
				GCC_WARN_UNUSED_VARIABLE = YES;
				LOCALIZATION_PREFERS_STRING_CATALOGS = YES;
				MTL_ENABLE_DEBUG_INFO = INCLUDE_SOURCE;
				MTL_FAST_MATH = YES;
				ONLY_ACTIVE_ARCH = YES;
				SDKROOT = watchos;
				SWIFT_ACTIVE_COMPILATION_CONDITIONS = "DEBUG $(inherited)";
				SWIFT_OPTIMIZATION_LEVEL = "-Onone";
				WATCHOS_DEPLOYMENT_TARGET = 10.0;
			};
			name = Debug;
		};
		9000000000000002 /* Release */ = {
			isa = XCBuildConfiguration;
			buildSettings = {
				ALWAYS_SEARCH_USER_PATHS = NO;
				ASSETCATALOG_COMPILER_GENERATE_SWIFT_ASSET_SYMBOL_EXTENSIONS = YES;
				CLANG_ANALYZER_NONNULL = YES;
				CLANG_ANALYZER_NUMBER_OBJECT_CONVERSION = YES_AGGRESSIVE;
				CLANG_CXX_LANGUAGE_STANDARD = "gnu++20";
				CLANG_ENABLE_MODULES = YES;
				CLANG_ENABLE_OBJC_ARC = YES;
				CLANG_ENABLE_OBJC_WEAK = YES;
				CLANG_WARN_BLOCK_CAPTURE_AUTORELEASING = YES;
				CLANG_WARN_BOOL_CONVERSION = YES;
				CLANG_WARN_COMMA = YES;
				CLANG_WARN_CONSTANT_CONVERSION = YES;
				CLANG_WARN_DEPRECATED_OBJC_IMPLEMENTATIONS = YES;
				CLANG_WARN_DIRECT_OBJC_ISA_USAGE = YES_ERROR;
				CLANG_WARN_DOCUMENTATION_COMMENTS = YES;
				CLANG_WARN_EMPTY_BODY = YES;
				CLANG_WARN_ENUM_CONVERSION = YES;
				CLANG_WARN_INFINITE_RECURSION = YES;
				CLANG_WARN_INT_CONVERSION = YES;
				CLANG_WARN_NON_LITERAL_NULL_CONVERSION = YES;
				CLANG_WARN_OBJC_IMPLICIT_RETAIN_SELF = YES;
				CLANG_WARN_OBJC_LITERAL_CONVERSION = YES;
				CLANG_WARN_OBJC_ROOT_CLASS = YES_ERROR;
				CLANG_WARN_QUOTED_INCLUDE_IN_FRAMEWORK_HEADER = YES;
				CLANG_WARN_RANGE_LOOP_ANALYSIS = YES;
				CLANG_WARN_STRICT_PROTOTYPES = YES;
				CLANG_WARN_SUSPICIOUS_MOVE = YES;
				CLANG_WARN_UNGUARDED_AVAILABILITY = YES_AGGRESSIVE;
				CLANG_WARN_UNREACHABLE_CODE = YES;
				CLANG_WARN__DUPLICATE_METHOD_MATCH = YES;
				COPY_PHASE_STRIP = NO;
				DEBUG_INFORMATION_FORMAT = "dwarf-with-dsym";
				ENABLE_NS_ASSERTIONS = NO;
				ENABLE_STRICT_OBJC_MSGSEND = YES;
				ENABLE_USER_SCRIPT_SANDBOXING = YES;
				GCC_C_LANGUAGE_STANDARD = gnu17;
				GCC_NO_COMMON_BLOCKS = YES;
				GCC_WARN_64_TO_32_BIT_CONVERSION = YES;
				GCC_WARN_ABOUT_RETURN_TYPE = YES_ERROR;
				GCC_WARN_UNDECLARED_SELECTOR = YES;
				GCC_WARN_UNINITIALIZED_AUTOS = YES_AGGRESSIVE;
				GCC_WARN_UNUSED_FUNCTION = YES;
				GCC_WARN_UNUSED_VARIABLE = YES;
				LOCALIZATION_PREFERS_STRING_CATALOGS = YES;
				MTL_ENABLE_DEBUG_INFO = NO;
				MTL_FAST_MATH = YES;
				SDKROOT = watchos;
				SWIFT_COMPILATION_MODE = wholemodule;
				VALIDATE_PRODUCT = YES;
				WATCHOS_DEPLOYMENT_TARGET = 10.0;
			};
			name = Release;
		};
		9000000000000003 /* Debug */ = {
			isa = XCBuildConfiguration;
			buildSettings = {
				ASSETCATALOG_COMPILER_APPICON_NAME = AppIcon;
				ASSETCATALOG_COMPILER_GLOBAL_ACCENT_COLOR_NAME = AccentColor;
				CODE_SIGN_ENTITLEMENTS = MissionControlWatch/MissionControlWatch.entitlements;
				CODE_SIGN_STYLE = Automatic;
				CURRENT_PROJECT_VERSION = 1;
				DEVELOPMENT_TEAM = "";
				GENERATE_INFOPLIST_FILE = YES;
				INFOPLIST_FILE = MissionControlWatch/Info.plist;
				INFOPLIST_KEY_CFBundleDisplayName = "Mission Control";
				INFOPLIST_KEY_UISupportedInterfaceOrientations = "UIInterfaceOrientationPortrait UIInterfaceOrientationPortraitUpsideDown";
				INFOPLIST_KEY_WKCompanionAppBundleIdentifier = "com.mission-control.ios";
				INFOPLIST_KEY_WKRunsIndependentlyOfCompanionApp = NO;
				LD_RUNPATH_SEARCH_PATHS = (
					"$(inherited)",
					"@executable_path/Frameworks",
				);
				MARKETING_VERSION = 1.0;
				PRODUCT_BUNDLE_IDENTIFIER = "com.mission-control.watchos";
				PRODUCT_NAME = "$(TARGET_NAME)";
				SKIP_INSTALL = YES;
				SWIFT_EMIT_LOC_STRINGS = YES;
				SWIFT_STRICT_CONCURRENCY = complete;
				SWIFT_VERSION = 5.0;
				TARGETED_DEVICE_FAMILY = 4;
				WATCHOS_DEPLOYMENT_TARGET = 10.0;
			};
			name = Debug;
		};
		9000000000000004 /* Release */ = {
			isa = XCBuildConfiguration;
			buildSettings = {
				ASSETCATALOG_COMPILER_APPICON_NAME = AppIcon;
				ASSETCATALOG_COMPILER_GLOBAL_ACCENT_COLOR_NAME = AccentColor;
				CODE_SIGN_ENTITLEMENTS = MissionControlWatch/MissionControlWatch.entitlements;
				CODE_SIGN_STYLE = Automatic;
				CURRENT_PROJECT_VERSION = 1;
				DEVELOPMENT_TEAM = "";
				GENERATE_INFOPLIST_FILE = YES;
				INFOPLIST_FILE = MissionControlWatch/Info.plist;
				INFOPLIST_KEY_CFBundleDisplayName = "Mission Control";
				INFOPLIST_KEY_UISupportedInterfaceOrientations = "UIInterfaceOrientationPortrait UIInterfaceOrientationPortraitUpsideDown";
				INFOPLIST_KEY_WKCompanionAppBundleIdentifier = "com.mission-control.ios";
				INFOPLIST_KEY_WKRunsIndependentlyOfCompanionApp = NO;
				LD_RUNPATH_SEARCH_PATHS = (
					"$(inherited)",
					"@executable_path/Frameworks",
				);
				MARKETING_VERSION = 1.0;
				PRODUCT_BUNDLE_IDENTIFIER = "com.mission-control.watchos";
				PRODUCT_NAME = "$(TARGET_NAME)";
				SKIP_INSTALL = YES;
				SWIFT_EMIT_LOC_STRINGS = YES;
				SWIFT_STRICT_CONCURRENCY = complete;
				SWIFT_VERSION = 5.0;
				TARGETED_DEVICE_FAMILY = 4;
				WATCHOS_DEPLOYMENT_TARGET = 10.0;
			};
			name = Release;
		};
/* End XCBuildConfiguration section */

/* Begin XCConfigurationList section */
		7000000000000001 /* Build configuration list for PBXProject "MissionControlWatch" */ = {
			isa = XCConfigurationList;
			buildConfigurations = (
				9000000000000001 /* Debug */,
				9000000000000002 /* Release */,
			);
			defaultConfigurationIsVisible = 0;
			defaultConfigurationName = Release;
		};
		7000000000000003 /* Build configuration list for PBXNativeTarget "MissionControlWatch" */ = {
			isa = XCConfigurationList;
			buildConfigurations = (
				9000000000000003 /* Debug */,
				9000000000000004 /* Release */,
			);
			defaultConfigurationIsVisible = 0;
			defaultConfigurationName = Release;
		};
/* End XCConfigurationList section */

/* Begin XCLocalSwiftPackageReference section */
		B000000000000001 /* XCLocalSwiftPackageReference "MissionControlModels" */ = {
			isa = XCLocalSwiftPackageReference;
			relativePath = ../../../packages/swift/MissionControlModels;
		};
/* End XCLocalSwiftPackageReference section */

/* Begin XCSwiftPackageProductDependency section */
		A000000000000001 /* MissionControlModels */ = {
			isa = XCSwiftPackageProductDependency;
			productName = MissionControlModels;
		};
/* End XCSwiftPackageProductDependency section */
	};
	rootObject = 8000000000000001 /* Project object */;
}
