// !$*UTF8*$!
{
	archiveVersion = 1;
	classes = {
	};
	objectVersion = 56;
	objects = {

/* Begin PBXBuildFile section */
		MC001 /* MissionControlApp.swift in Sources */ = {isa = PBXBuildFile; fileRef = MC101 /* MissionControlApp.swift */; };
		MC002 /* AppDelegate.swift in Sources */ = {isa = PBXBuildFile; fileRef = MC102 /* AppDelegate.swift */; };
		MC003 /* MainView.swift in Sources */ = {isa = PBXBuildFile; fileRef = MC103 /* MainView.swift */; };
		MC004 /* ChatView.swift in Sources */ = {isa = PBXBuildFile; fileRef = MC104 /* ChatView.swift */; };
		MC005 /* StatusView.swift in Sources */ = {isa = PBXBuildFile; fileRef = MC105 /* StatusView.swift */; };
		MC006 /* TasksView.swift in Sources */ = {isa = PBXBuildFile; fileRef = MC106 /* TasksView.swift */; };
		MC007 /* SettingsView.swift in Sources */ = {isa = PBXBuildFile; fileRef = MC107 /* SettingsView.swift */; };
		MC008 /* APIClient.swift in Sources */ = {isa = PBXBuildFile; fileRef = MC108 /* APIClient.swift */; };
		MC009 /* ComputeService.swift in Sources */ = {isa = PBXBuildFile; fileRef = MC109 /* ComputeService.swift */; };
		MC010 /* KeychainService.swift in Sources */ = {isa = PBXBuildFile; fileRef = MC110 /* KeychainService.swift */; };
		MC011 /* StatusBarController.swift in Sources */ = {isa = PBXBuildFile; fileRef = MC111 /* StatusBarController.swift */; };
		MC012 /* QuickChatPopover.swift in Sources */ = {isa = PBXBuildFile; fileRef = MC112 /* QuickChatPopover.swift */; };
		MC013 /* ComputeManager.swift in Sources */ = {isa = PBXBuildFile; fileRef = MC113 /* ComputeManager.swift */; };
		MC014 /* SandboxExecutor.swift in Sources */ = {isa = PBXBuildFile; fileRef = MC114 /* SandboxExecutor.swift */; };
		MC015 /* TaskReceiver.swift in Sources */ = {isa = PBXBuildFile; fileRef = MC115 /* TaskReceiver.swift */; };
		MC016 /* Assets.xcassets in Resources */ = {isa = PBXBuildFile; fileRef = MC116 /* Assets.xcassets */; };
		MC017 /* MissionControlModels in Frameworks */ = {isa = PBXBuildFile; productRef = MC800 /* MissionControlModels */; };
		MC018 /* MissionControlNetworking in Frameworks */ = {isa = PBXBuildFile; productRef = MC801 /* MissionControlNetworking */; };
/* End PBXBuildFile section */

/* Begin PBXFileReference section */
		MC100 /* MissionControl.app */ = {isa = PBXFileReference; explicitFileType = wrapper.application; includeInIndex = 0; path = MissionControl.app; sourceTree = BUILT_PRODUCTS_DIR; };
		MC101 /* MissionControlApp.swift */ = {isa = PBXFileReference; lastKnownFileType = sourcecode.swift; path = MissionControlApp.swift; sourceTree = "<group>"; };
		MC102 /* AppDelegate.swift */ = {isa = PBXFileReference; lastKnownFileType = sourcecode.swift; path = AppDelegate.swift; sourceTree = "<group>"; };
		MC103 /* MainView.swift */ = {isa = PBXFileReference; lastKnownFileType = sourcecode.swift; path = MainView.swift; sourceTree = "<group>"; };
		MC104 /* ChatView.swift */ = {isa = PBXFileReference; lastKnownFileType = sourcecode.swift; path = ChatView.swift; sourceTree = "<group>"; };
		MC105 /* StatusView.swift */ = {isa = PBXFileReference; lastKnownFileType = sourcecode.swift; path = StatusView.swift; sourceTree = "<group>"; };
		MC106 /* TasksView.swift */ = {isa = PBXFileReference; lastKnownFileType = sourcecode.swift; path = TasksView.swift; sourceTree = "<group>"; };
		MC107 /* SettingsView.swift */ = {isa = PBXFileReference; lastKnownFileType = sourcecode.swift; path = SettingsView.swift; sourceTree = "<group>"; };
		MC108 /* APIClient.swift */ = {isa = PBXFileReference; lastKnownFileType = sourcecode.swift; path = APIClient.swift; sourceTree = "<group>"; };
		MC109 /* ComputeService.swift */ = {isa = PBXFileReference; lastKnownFileType = sourcecode.swift; path = ComputeService.swift; sourceTree = "<group>"; };
		MC110 /* KeychainService.swift */ = {isa = PBXFileReference; lastKnownFileType = sourcecode.swift; path = KeychainService.swift; sourceTree = "<group>"; };
		MC111 /* StatusBarController.swift */ = {isa = PBXFileReference; lastKnownFileType = sourcecode.swift; path = StatusBarController.swift; sourceTree = "<group>"; };
		MC112 /* QuickChatPopover.swift */ = {isa = PBXFileReference; lastKnownFileType = sourcecode.swift; path = QuickChatPopover.swift; sourceTree = "<group>"; };
		MC113 /* ComputeManager.swift */ = {isa = PBXFileReference; lastKnownFileType = sourcecode.swift; path = ComputeManager.swift; sourceTree = "<group>"; };
		MC114 /* SandboxExecutor.swift */ = {isa = PBXFileReference; lastKnownFileType = sourcecode.swift; path = SandboxExecutor.swift; sourceTree = "<group>"; };
		MC115 /* TaskReceiver.swift */ = {isa = PBXFileReference; lastKnownFileType = sourcecode.swift; path = TaskReceiver.swift; sourceTree = "<group>"; };
		MC116 /* Assets.xcassets */ = {isa = PBXFileReference; lastKnownFileType = folder.assetcatalog; path = Assets.xcassets; sourceTree = "<group>"; };
		MC117 /* Info.plist */ = {isa = PBXFileReference; lastKnownFileType = text.plist.xml; path = Info.plist; sourceTree = "<group>"; };
		MC118 /* MissionControl.entitlements */ = {isa = PBXFileReference; lastKnownFileType = text.plist.entitlements; path = MissionControl.entitlements; sourceTree = "<group>"; };
/* End PBXFileReference section */

/* Begin PBXFrameworksBuildPhase section */
		MC200 /* Frameworks */ = {
			isa = PBXFrameworksBuildPhase;
			buildActionMask = 2147483647;
			files = (
				MC017 /* MissionControlModels in Frameworks */,
				MC018 /* MissionControlNetworking in Frameworks */,
			);
			runOnlyForDeploymentPostprocessing = 0;
		};
/* End PBXFrameworksBuildPhase section */

/* Begin PBXGroup section */
		MC300 = {
			isa = PBXGroup;
			children = (
				MC301 /* MissionControl */,
				MC302 /* Products */,
			);
			sourceTree = "<group>";
		};
		MC301 /* MissionControl */ = {
			isa = PBXGroup;
			children = (
				MC303 /* App */,
				MC304 /* Views */,
				MC305 /* Services */,
				MC306 /* MenuBar */,
				MC307 /* ComputeMode */,
				MC308 /* Resources */,
				MC117 /* Info.plist */,
				MC118 /* MissionControl.entitlements */,
			);
			path = MissionControl;
			sourceTree = "<group>";
		};
		MC302 /* Products */ = {
			isa = PBXGroup;
			children = (
				MC100 /* MissionControl.app */,
			);
			name = Products;
			sourceTree = "<group>";
		};
		MC303 /* App */ = {
			isa = PBXGroup;
			children = (
				MC101 /* MissionControlApp.swift */,
				MC102 /* AppDelegate.swift */,
			);
			path = App;
			sourceTree = "<group>";
		};
		MC304 /* Views */ = {
			isa = PBXGroup;
			children = (
				MC103 /* MainView.swift */,
				MC104 /* ChatView.swift */,
				MC105 /* StatusView.swift */,
				MC106 /* TasksView.swift */,
				MC107 /* SettingsView.swift */,
			);
			path = Views;
			sourceTree = "<group>";
		};
		MC305 /* Services */ = {
			isa = PBXGroup;
			children = (
				MC108 /* APIClient.swift */,
				MC109 /* ComputeService.swift */,
				MC110 /* KeychainService.swift */,
			);
			path = Services;
			sourceTree = "<group>";
		};
		MC306 /* MenuBar */ = {
			isa = PBXGroup;
			children = (
				MC111 /* StatusBarController.swift */,
				MC112 /* QuickChatPopover.swift */,
			);
			path = MenuBar;
			sourceTree = "<group>";
		};
		MC307 /* ComputeMode */ = {
			isa = PBXGroup;
			children = (
				MC113 /* ComputeManager.swift */,
				MC114 /* SandboxExecutor.swift */,
				MC115 /* TaskReceiver.swift */,
			);
			path = ComputeMode;
			sourceTree = "<group>";
		};
		MC308 /* Resources */ = {
			isa = PBXGroup;
			children = (
				MC116 /* Assets.xcassets */,
			);
			path = Resources;
			sourceTree = "<group>";
		};
/* End PBXGroup section */

/* Begin PBXNativeTarget section */
		MC400 /* MissionControl */ = {
			isa = PBXNativeTarget;
			buildConfigurationList = MC500 /* Build configuration list for PBXNativeTarget "MissionControl" */;
			buildPhases = (
				MC401 /* Sources */,
				MC200 /* Frameworks */,
				MC402 /* Resources */,
			);
			buildRules = (
			);
			dependencies = (
			);
			name = MissionControl;
			packageProductDependencies = (
				MC800 /* MissionControlModels */,
				MC801 /* MissionControlNetworking */,
			);
			productName = MissionControl;
			productReference = MC100 /* MissionControl.app */;
			productType = "com.apple.product-type.application";
		};
/* End PBXNativeTarget section */

/* Begin PBXProject section */
		MC600 /* Project object */ = {
			isa = PBXProject;
			attributes = {
				BuildIndependentTargetsInParallel = 1;
				LastSwiftUpdateCheck = 1500;
				LastUpgradeCheck = 1500;
				TargetAttributes = {
					MC400 = {
						CreatedOnToolsVersion = 15.0;
					};
				};
			};
			buildConfigurationList = MC700 /* Build configuration list for PBXProject "MissionControl" */;
			compatibilityVersion = "Xcode 14.0";
			developmentRegion = en;
			hasScannedForEncodings = 0;
			knownRegions = (
				en,
				Base,
			);
			mainGroup = MC300;
			packageReferences = (
				MC900 /* XCLocalSwiftPackageReference "../../../packages/swift/MissionControlModels" */,
				MC901 /* XCLocalSwiftPackageReference "../../../packages/swift/MissionControlNetworking" */,
			);
			productRefGroup = MC302 /* Products */;
			projectDirPath = "";
			projectRoot = "";
			targets = (
				MC400 /* MissionControl */,
			);
		};
/* End PBXProject section */

/* Begin PBXResourcesBuildPhase section */
		MC402 /* Resources */ = {
			isa = PBXResourcesBuildPhase;
			buildActionMask = 2147483647;
			files = (
				MC016 /* Assets.xcassets in Resources */,
			);
			runOnlyForDeploymentPostprocessing = 0;
		};
/* End PBXResourcesBuildPhase section */

/* Begin PBXSourcesBuildPhase section */
		MC401 /* Sources */ = {
			isa = PBXSourcesBuildPhase;
			buildActionMask = 2147483647;
			files = (
				MC001 /* MissionControlApp.swift in Sources */,
				MC002 /* AppDelegate.swift in Sources */,
				MC003 /* MainView.swift in Sources */,
				MC004 /* ChatView.swift in Sources */,
				MC005 /* StatusView.swift in Sources */,
				MC006 /* TasksView.swift in Sources */,
				MC007 /* SettingsView.swift in Sources */,
				MC008 /* APIClient.swift in Sources */,
				MC009 /* ComputeService.swift in Sources */,
				MC010 /* KeychainService.swift in Sources */,
				MC011 /* StatusBarController.swift in Sources */,
				MC012 /* QuickChatPopover.swift in Sources */,
				MC013 /* ComputeManager.swift in Sources */,
				MC014 /* SandboxExecutor.swift in Sources */,
				MC015 /* TaskReceiver.swift in Sources */,
			);
			runOnlyForDeploymentPostprocessing = 0;
		};
/* End PBXSourcesBuildPhase section */

/* Begin XCBuildConfiguration section */
		MC501 /* Debug */ = {
			isa = XCBuildConfiguration;
			buildSettings = {
				ASSETCATALOG_COMPILER_APPICON_NAME = AppIcon;
				ASSETCATALOG_COMPILER_GLOBAL_ACCENT_COLOR_NAME = AccentColor;
				CODE_SIGN_ENTITLEMENTS = MissionControl/MissionControl.entitlements;
				CODE_SIGN_STYLE = Automatic;
				COMBINE_HIDPI_IMAGES = YES;
				CURRENT_PROJECT_VERSION = 1;
				DEVELOPMENT_TEAM = "";
				ENABLE_HARDENED_RUNTIME = YES;
				GENERATE_INFOPLIST_FILE = NO;
				INFOPLIST_FILE = MissionControl/Info.plist;
				INFOPLIST_KEY_CFBundleDisplayName = "Mission Control";
				INFOPLIST_KEY_LSApplicationCategoryType = "public.app-category.developer-tools";
				INFOPLIST_KEY_NSHumanReadableCopyright = "Copyright 2024 Mission Control Team. All rights reserved.";
				INFOPLIST_KEY_NSMainStoryboardFile = "";
				INFOPLIST_KEY_NSPrincipalClass = NSApplication;
				LD_RUNPATH_SEARCH_PATHS = (
					"$(inherited)",
					"@executable_path/../Frameworks",
				);
				MACOSX_DEPLOYMENT_TARGET = 14.0;
				MARKETING_VERSION = 1.0;
				PRODUCT_BUNDLE_IDENTIFIER = "com.mission-control.macos";
				PRODUCT_NAME = "$(TARGET_NAME)";
				SWIFT_EMIT_LOC_STRINGS = YES;
				SWIFT_VERSION = 5.0;
			};
			name = Debug;
		};
		MC502 /* Release */ = {
			isa = XCBuildConfiguration;
			buildSettings = {
				ASSETCATALOG_COMPILER_APPICON_NAME = AppIcon;
				ASSETCATALOG_COMPILER_GLOBAL_ACCENT_COLOR_NAME = AccentColor;
				CODE_SIGN_ENTITLEMENTS = MissionControl/MissionControl.entitlements;
				CODE_SIGN_STYLE = Automatic;
				COMBINE_HIDPI_IMAGES = YES;
				CURRENT_PROJECT_VERSION = 1;
				DEVELOPMENT_TEAM = "";
				ENABLE_HARDENED_RUNTIME = YES;
				GENERATE_INFOPLIST_FILE = NO;
				INFOPLIST_FILE = MissionControl/Info.plist;
				INFOPLIST_KEY_CFBundleDisplayName = "Mission Control";
				INFOPLIST_KEY_LSApplicationCategoryType = "public.app-category.developer-tools";
				INFOPLIST_KEY_NSHumanReadableCopyright = "Copyright 2024 Mission Control Team. All rights reserved.";
				INFOPLIST_KEY_NSMainStoryboardFile = "";
				INFOPLIST_KEY_NSPrincipalClass = NSApplication;
				LD_RUNPATH_SEARCH_PATHS = (
					"$(inherited)",
					"@executable_path/../Frameworks",
				);
				MACOSX_DEPLOYMENT_TARGET = 14.0;
				MARKETING_VERSION = 1.0;
				PRODUCT_BUNDLE_IDENTIFIER = "com.mission-control.macos";
				PRODUCT_NAME = "$(TARGET_NAME)";
				SWIFT_EMIT_LOC_STRINGS = YES;
				SWIFT_VERSION = 5.0;
			};
			name = Release;
		};
		MC701 /* Debug */ = {
			isa = XCBuildConfiguration;
			buildSettings = {
				ALWAYS_SEARCH_USER_PATHS = NO;
				ASSETCATALOG_COMPILER_GENERATE_SWIFT_ASSET_SYMBOL_EXTENSIONS = YES;
				CLANG_ANALYZER_NONNULL = YES;
				CLANG_ANALYZER_NUMBER_OBJECT_CONVERSION = YES_AGGRESSIVE;
				CLANG_CXX_LANGUAGE_STANDARD = "gnu++20";
				CLANG_ENABLE_MODULES = YES;
				CLANG_ENABLE_OBJC_ARC = YES;
				CLANG_ENABLE_OBJC_WEAK = YES;
				CLANG_WARN_BLOCK_CAPTURE_AUTORELEASING = YES;
				CLANG_WARN_BOOL_CONVERSION = YES;
				CLANG_WARN_COMMA = YES;
				CLANG_WARN_CONSTANT_CONVERSION = YES;
				CLANG_WARN_DEPRECATED_OBJC_IMPLEMENTATIONS = YES;
				CLANG_WARN_DIRECT_OBJC_ISA_USAGE = YES_ERROR;
				CLANG_WARN_DOCUMENTATION_COMMENTS = YES;
				CLANG_WARN_EMPTY_BODY = YES;
				CLANG_WARN_ENUM_CONVERSION = YES;
				CLANG_WARN_INFINITE_RECURSION = YES;
				CLANG_WARN_INT_CONVERSION = YES;
				CLANG_WARN_NON_LITERAL_NULL_CONVERSION = YES;
				CLANG_WARN_OBJC_IMPLICIT_RETAIN_SELF = YES;
				CLANG_WARN_OBJC_LITERAL_CONVERSION = YES;
				CLANG_WARN_OBJC_ROOT_CLASS = YES_ERROR;
				CLANG_WARN_QUOTED_INCLUDE_IN_FRAMEWORK_HEADER = YES;
				CLANG_WARN_RANGE_LOOP_ANALYSIS = YES;
				CLANG_WARN_STRICT_PROTOTYPES = YES;
				CLANG_WARN_SUSPICIOUS_MOVE = YES;
				CLANG_WARN_UNGUARDED_AVAILABILITY = YES_AGGRESSIVE;
				CLANG_WARN_UNREACHABLE_CODE = YES;
				CLANG_WARN__DUPLICATE_METHOD_MATCH = YES;
				COPY_PHASE_STRIP = NO;
				DEBUG_INFORMATION_FORMAT = dwarf;
				ENABLE_STRICT_OBJC_MSGSEND = YES;
				ENABLE_TESTABILITY = YES;
				ENABLE_USER_SCRIPT_SANDBOXING = YES;
				GCC_C_LANGUAGE_STANDARD = gnu17;
				GCC_DYNAMIC_NO_PIC = NO;
				GCC_NO_COMMON_BLOCKS = YES;
				GCC_OPTIMIZATION_LEVEL = 0;
				GCC_PREPROCESSOR_DEFINITIONS = (
					"DEBUG=1",
					"$(inherited)",
				);
				GCC_WARN_64_TO_32_BIT_CONVERSION = YES;
				GCC_WARN_ABOUT_RETURN_TYPE = YES_ERROR;
				GCC_WARN_UNDECLARED_SELECTOR = YES;
				GCC_WARN_UNINITIALIZED_AUTOS = YES_AGGRESSIVE;
				GCC_WARN_UNUSED_FUNCTION = YES;
				GCC_WARN_UNUSED_VARIABLE = YES;
				LOCALIZATION_PREFERS_STRING_CATALOGS = YES;
				MACOSX_DEPLOYMENT_TARGET = 14.0;
				MTL_ENABLE_DEBUG_INFO = INCLUDE_SOURCE;
				MTL_FAST_MATH = YES;
				ONLY_ACTIVE_ARCH = YES;
				SDKROOT = macosx;
				SWIFT_ACTIVE_COMPILATION_CONDITIONS = "DEBUG $(inherited)";
				SWIFT_OPTIMIZATION_LEVEL = "-Onone";
				SWIFT_STRICT_CONCURRENCY = complete;
			};
			name = Debug;
		};
		MC702 /* Release */ = {
			isa = XCBuildConfiguration;
			buildSettings = {
				ALWAYS_SEARCH_USER_PATHS = NO;
				ASSETCATALOG_COMPILER_GENERATE_SWIFT_ASSET_SYMBOL_EXTENSIONS = YES;
				CLANG_ANALYZER_NONNULL = YES;
				CLANG_ANALYZER_NUMBER_OBJECT_CONVERSION = YES_AGGRESSIVE;
				CLANG_CXX_LANGUAGE_STANDARD = "gnu++20";
				CLANG_ENABLE_MODULES = YES;
				CLANG_ENABLE_OBJC_ARC = YES;
				CLANG_ENABLE_OBJC_WEAK = YES;
				CLANG_WARN_BLOCK_CAPTURE_AUTORELEASING = YES;
				CLANG_WARN_BOOL_CONVERSION = YES;
				CLANG_WARN_COMMA = YES;
				CLANG_WARN_CONSTANT_CONVERSION = YES;
				CLANG_WARN_DEPRECATED_OBJC_IMPLEMENTATIONS = YES;
				CLANG_WARN_DIRECT_OBJC_ISA_USAGE = YES_ERROR;
				CLANG_WARN_DOCUMENTATION_COMMENTS = YES;
				CLANG_WARN_EMPTY_BODY = YES;
				CLANG_WARN_ENUM_CONVERSION = YES;
				CLANG_WARN_INFINITE_RECURSION = YES;
				CLANG_WARN_INT_CONVERSION = YES;
				CLANG_WARN_NON_LITERAL_NULL_CONVERSION = YES;
				CLANG_WARN_OBJC_IMPLICIT_RETAIN_SELF = YES;
				CLANG_WARN_OBJC_LITERAL_CONVERSION = YES;
				CLANG_WARN_OBJC_ROOT_CLASS = YES_ERROR;
				CLANG_WARN_QUOTED_INCLUDE_IN_FRAMEWORK_HEADER = YES;
				CLANG_WARN_RANGE_LOOP_ANALYSIS = YES;
				CLANG_WARN_STRICT_PROTOTYPES = YES;
				CLANG_WARN_SUSPICIOUS_MOVE = YES;
				CLANG_WARN_UNGUARDED_AVAILABILITY = YES_AGGRESSIVE;
				CLANG_WARN_UNREACHABLE_CODE = YES;
				CLANG_WARN__DUPLICATE_METHOD_MATCH = YES;
				COPY_PHASE_STRIP = NO;
				DEBUG_INFORMATION_FORMAT = "dwarf-with-dsym";
				ENABLE_NS_ASSERTIONS = NO;
				ENABLE_STRICT_OBJC_MSGSEND = YES;
				ENABLE_USER_SCRIPT_SANDBOXING = YES;
				GCC_C_LANGUAGE_STANDARD = gnu17;
				GCC_NO_COMMON_BLOCKS = YES;
				GCC_WARN_64_TO_32_BIT_CONVERSION = YES;
				GCC_WARN_ABOUT_RETURN_TYPE = YES_ERROR;
				GCC_WARN_UNDECLARED_SELECTOR = YES;
				GCC_WARN_UNINITIALIZED_AUTOS = YES_AGGRESSIVE;
				GCC_WARN_UNUSED_FUNCTION = YES;
				GCC_WARN_UNUSED_VARIABLE = YES;
				LOCALIZATION_PREFERS_STRING_CATALOGS = YES;
				MACOSX_DEPLOYMENT_TARGET = 14.0;
				MTL_ENABLE_DEBUG_INFO = NO;
				MTL_FAST_MATH = YES;
				SDKROOT = macosx;
				SWIFT_COMPILATION_MODE = wholemodule;
				SWIFT_STRICT_CONCURRENCY = complete;
			};
			name = Release;
		};
/* End XCBuildConfiguration section */

/* Begin XCConfigurationList section */
		MC500 /* Build configuration list for PBXNativeTarget "MissionControl" */ = {
			isa = XCConfigurationList;
			buildConfigurations = (
				MC501 /* Debug */,
				MC502 /* Release */,
			);
			defaultConfigurationIsVisible = 0;
			defaultConfigurationName = Release;
		};
		MC700 /* Build configuration list for PBXProject "MissionControl" */ = {
			isa = XCConfigurationList;
			buildConfigurations = (
				MC701 /* Debug */,
				MC702 /* Release */,
			);
			defaultConfigurationIsVisible = 0;
			defaultConfigurationName = Release;
		};
/* End XCConfigurationList section */

/* Begin XCLocalSwiftPackageReference section */
		MC900 /* XCLocalSwiftPackageReference "../../../packages/swift/MissionControlModels" */ = {
			isa = XCLocalSwiftPackageReference;
			relativePath = "../../../packages/swift/MissionControlModels";
		};
		MC901 /* XCLocalSwiftPackageReference "../../../packages/swift/MissionControlNetworking" */ = {
			isa = XCLocalSwiftPackageReference;
			relativePath = "../../../packages/swift/MissionControlNetworking";
		};
/* End XCLocalSwiftPackageReference section */

/* Begin XCSwiftPackageProductDependency section */
		MC800 /* MissionControlModels */ = {
			isa = XCSwiftPackageProductDependency;
			productName = MissionControlModels;
		};
		MC801 /* MissionControlNetworking */ = {
			isa = XCSwiftPackageProductDependency;
			productName = MissionControlNetworking;
		};
/* End XCSwiftPackageProductDependency section */
	};
	rootObject = MC600 /* Project object */;
}
